
Microsoft Visual Studio Solution File, Format Version 12.00
# Visual Studio Version 17
VisualStudioVersion = 17.5.002.0
MinimumVisualStudioVersion = 10.0.40219.1
Project("{9A19103F-16F7-4668-BE54-9A1E7A4F7556}") = "QuizJogo", "QuizJogo\QuizJogo.csproj", "{BDDA9230-E547-4AC7-9983-E96565E5C66F}"
EndProject
Global
	GlobalSection(SolutionConfigurationPlatforms) = preSolution
		Debug|Any CPU = Debug|Any CPU
		Release|Any CPU = Release|Any CPU
	EndGlobalSection
	GlobalSection(ProjectConfigurationPlatforms) = postSolution
		{BDDA9230-E547-4AC7-9983-E96565E5C66F}.Debug|Any CPU.ActiveCfg = Debug|Any CPU
		{BDDA9230-E547-4AC7-9983-E96565E5C66F}.Debug|Any CPU.Build.0 = Debug|Any CPU
		{BDDA9230-E547-4AC7-9983-E96565E5C66F}.Release|Any CPU.ActiveCfg = Release|Any CPU
		{BDDA9230-E547-4AC7-9983-E96565E5C66F}.Release|Any CPU.Build.0 = Release|Any CPU
	EndGlobalSection
	GlobalSection(SolutionProperties) = preSolution
		HideSolutionNode = FALSE
	EndGlobalSection
	GlobalSection(ExtensibilityGlobals) = postSolution
		SolutionGuid = {E8AF7643-8868-41EA-A438-5857F99F6F10}
	EndGlobalSection
EndGlobal
